
Microsoft Visual Studio Solution File, Format Version 12.00
# Visual Studio Version 16
VisualStudioVersion = 16.0.34114.132
MinimumVisualStudioVersion = 10.0.40219.1
Project("{8BC9CEB8-8B4A-11D0-8D11-00A0C91BC942}") = "StackProject", "StackProject\StackProject.vcxproj", "{5277D3C0-3BF9-4C93-9C54-20FD573F320F}"
EndProject
Global
	GlobalSection(SolutionConfigurationPlatforms) = preSolution
		Debug|x64 = Debug|x64
		Debug|x86 = Debug|x86
		Release|x64 = Release|x64
		Release|x86 = Release|x86
	EndGlobalSection
	GlobalSection(ProjectConfigurationPlatforms) = postSolution
		{5277D3C0-3BF9-4C93-9C54-20FD573F320F}.Debug|x64.ActiveCfg = Debug|x64
		{5277D3C0-3BF9-4C93-9C54-20FD573F320F}.Debug|x64.Build.0 = Debug|x64
		{5277D3C0-3BF9-4C93-9C54-20FD573F320F}.Debug|x86.ActiveCfg = Debug|Win32
		{5277D3C0-3BF9-4C93-9C54-20FD573F320F}.Debug|x86.Build.0 = Debug|Win32
		{5277D3C0-3BF9-4C93-9C54-20FD573F320F}.Release|x64.ActiveCfg = Release|x64
		{5277D3C0-3BF9-4C93-9C54-20FD573F320F}.Release|x64.Build.0 = Release|x64
		{5277D3C0-3BF9-4C93-9C54-20FD573F320F}.Release|x86.ActiveCfg = Release|Win32
		{5277D3C0-3BF9-4C93-9C54-20FD573F320F}.Release|x86.Build.0 = Release|Win32
	EndGlobalSection
	GlobalSection(SolutionProperties) = preSolution
		HideSolutionNode = FALSE
	EndGlobalSection
	GlobalSection(ExtensibilityGlobals) = postSolution
		SolutionGuid = {1495EB0A-8FFC-46B2-9DA5-DC1AF6F6DF9A}
	EndGlobalSection
EndGlobal
